{
  "name": "jodit-react",
  "version": "1.0.3",
  "lockfileVersion": 1,
  "requires": true,
  "dependencies": {
    "jodit": {
      "version": "3.1.28",
      "resolved": "https://registry.npmjs.org/jodit/-/jodit-3.1.28.tgz",
      "integrity": "sha512-ltOHr8sEDE3mj5cU1HVCO82/2CrR5hkls4CRbdSZDA38c/APWqEYG8BhaCBWfCNuMRFWIxXpgMEpfaNMhznL8g=="
    }
  }
}
